{
  "name": "devsecops-lab",
  "version": "1.0.0",
  "lockfileVersion": 2,
  "requires": true,
  "packages": {
    "": {
      "name": "devsecops-lab",
      "version": "1.0.0",
      "dependencies": {
        "express": "4.16.0"
      }
    },
    "node_modules/express": {
      "version": "4.16.0",
      "resolved": "https://registry.npmjs.org/express/-/express-4.16.0.tgz"
    }
  },
  "dependencies": {
    "express": {
      "version": "4.16.0"
    }
  }
}
